
Microsoft Visual Studio Solution File, Format Version 12.00
# Visual Studio Version 16
VisualStudioVersion = 16.0.31205.134
MinimumVisualStudioVersion = 10.0.40219.1
Project("{FAE04EC0-301F-11D3-BF4B-00C04F79EFBC}") = "EventsCore", "EventsCore\EventsCore.csproj", "{A34A7C14-B28B-4DBE-8E4F-5CB2A59BFBA0}"
EndProject
Project("{FAE04EC0-301F-11D3-BF4B-00C04F79EFBC}") = "EventsInfraestructure", "EventsInfraestructure\EventsInfraestructure.csproj", "{FC6007BC-BC45-4AA7-A332-04BBC9269B75}"
EndProject
Project("{FAE04EC0-301F-11D3-BF4B-00C04F79EFBC}") = "Events", "Events\Events.csproj", "{31177C63-531F-46FB-88DC-BB1407AEEE67}"
EndProject
Global
	GlobalSection(SolutionConfigurationPlatforms) = preSolution
		Debug|Any CPU = Debug|Any CPU
		Release|Any CPU = Release|Any CPU
	EndGlobalSection
	GlobalSection(ProjectConfigurationPlatforms) = postSolution
		{A34A7C14-B28B-4DBE-8E4F-5CB2A59BFBA0}.Debug|Any CPU.ActiveCfg = Debug|Any CPU
		{A34A7C14-B28B-4DBE-8E4F-5CB2A59BFBA0}.Debug|Any CPU.Build.0 = Debug|Any CPU
		{A34A7C14-B28B-4DBE-8E4F-5CB2A59BFBA0}.Release|Any CPU.ActiveCfg = Release|Any CPU
		{A34A7C14-B28B-4DBE-8E4F-5CB2A59BFBA0}.Release|Any CPU.Build.0 = Release|Any CPU
		{FC6007BC-BC45-4AA7-A332-04BBC9269B75}.Debug|Any CPU.ActiveCfg = Debug|Any CPU
		{FC6007BC-BC45-4AA7-A332-04BBC9269B75}.Debug|Any CPU.Build.0 = Debug|Any CPU
		{FC6007BC-BC45-4AA7-A332-04BBC9269B75}.Release|Any CPU.ActiveCfg = Release|Any CPU
		{FC6007BC-BC45-4AA7-A332-04BBC9269B75}.Release|Any CPU.Build.0 = Release|Any CPU
		{31177C63-531F-46FB-88DC-BB1407AEEE67}.Debug|Any CPU.ActiveCfg = Debug|Any CPU
		{31177C63-531F-46FB-88DC-BB1407AEEE67}.Debug|Any CPU.Build.0 = Debug|Any CPU
		{31177C63-531F-46FB-88DC-BB1407AEEE67}.Release|Any CPU.ActiveCfg = Release|Any CPU
		{31177C63-531F-46FB-88DC-BB1407AEEE67}.Release|Any CPU.Build.0 = Release|Any CPU
	EndGlobalSection
	GlobalSection(SolutionProperties) = preSolution
		HideSolutionNode = FALSE
	EndGlobalSection
	GlobalSection(ExtensibilityGlobals) = postSolution
		SolutionGuid = {C2D68776-443D-43D7-9F03-8DC912E0DE6A}
	EndGlobalSection
EndGlobal
